# THIS IS AN AUTOGENERATED FILE. DO NOT EDIT THIS FILE DIRECTLY.
# yarn lockfile v1


ts-async-loop@^1.1.0-rc2:
  version "1.1.0-rc2"
  resolved "https://registry.yarnpkg.com/ts-async-loop/-/ts-async-loop-1.1.0-rc2.tgz#b9b7ce9dd8ea7feb1f7b81a46f98781f118aea89"
  integrity sha512-eJnLMSgLVP9WtbkKaOoWox+0yh973aq5Bwelp87qRUdiBL2HL96qBTgOr11HCAkXsFfawelB1jcO+F+pDggrTQ==

ts-retry@^4.2.3:
  version "4.2.3"
  resolved "https://registry.yarnpkg.com/ts-retry/-/ts-retry-4.2.3.tgz#20f8b234d2d047d317096eb209905401b11873bf"
  integrity sha512-pQAIQl6ga2MgfQ+rcO++P+e5oD+6Kuomv99PpeHqZyjAze98Fc4+oduoitD8UXtOOcTgq4Or7nBQriGLFfosow==
