# THIS IS AN AUTOGENERATED FILE. DO NOT EDIT THIS FILE DIRECTLY.
# yarn lockfile v1


ts-async-loop@1.0.0:
  version "1.0.0"
  resolved "https://registry.yarnpkg.com/ts-async-loop/-/ts-async-loop-1.0.0.tgz#d42f187a99269bbe459f2956123cd2c23b2e96ab"
  integrity sha512-sMDoW1xun85QDXporNnB/uA931h4690XvyB+DhJ+tM7/z9cL/Wn+9xR+TdbkC+mopZWLt069fooGRWR22nttmQ==
